
Microsoft Visual Studio Solution File, Format Version 12.00
# Visual Studio Version 16
VisualStudioVersion = 16.0.32228.343
MinimumVisualStudioVersion = 10.0.40219.1
Project("{FAE04EC0-301F-11D3-BF4B-00C04F79EFBC}") = "UnitTestTimeLib", "UnitTestTimeLib.csproj", "{FC2FC5F3-32AC-40AC-882E-53A493821089}"
EndProject
Global
	GlobalSection(SolutionConfigurationPlatforms) = preSolution
		Debug|Any CPU = Debug|Any CPU
		Release|Any CPU = Release|Any CPU
	EndGlobalSection
	GlobalSection(ProjectConfigurationPlatforms) = postSolution
		{FC2FC5F3-32AC-40AC-882E-53A493821089}.Debug|Any CPU.ActiveCfg = Debug|Any CPU
		{FC2FC5F3-32AC-40AC-882E-53A493821089}.Debug|Any CPU.Build.0 = Debug|Any CPU
		{FC2FC5F3-32AC-40AC-882E-53A493821089}.Release|Any CPU.ActiveCfg = Release|Any CPU
		{FC2FC5F3-32AC-40AC-882E-53A493821089}.Release|Any CPU.Build.0 = Release|Any CPU
	EndGlobalSection
	GlobalSection(SolutionProperties) = preSolution
		HideSolutionNode = FALSE
	EndGlobalSection
	GlobalSection(ExtensibilityGlobals) = postSolution
		SolutionGuid = {B32050B1-BF95-4E63-AFE6-C694429F290D}
	EndGlobalSection
EndGlobal
